# THIS IS AN AUTOGENERATED FILE. DO NOT EDIT THIS FILE DIRECTLY.
# yarn lockfile v1


"@laconia/core@^1.11.0":
  version "1.11.0"
  resolved "https://registry.yarnpkg.com/@laconia/core/-/core-1.11.0.tgz#ddd34b6394f7939d96703fbe9827a1fa329dfde5"
  integrity sha512-tHPWOHjQ1ueLyTdV0TF+cgLeCrGgqVC0WayVVeJOQjrcpElBNgj3ZheXSDA0OYbagS7xRfFzygjHWbsssX28gA==
  dependencies:
    "@types/aws-lambda" "8.10.61"

"@laconia/event@^1.11.0":
  version "1.11.0"
  resolved "https://registry.yarnpkg.com/@laconia/event/-/event-1.11.0.tgz#5d712c904c99d93a2206bae65883a24ed64b2ae9"
  integrity sha512-TtDNixqblUqAuZ9d9QTtF6XeVCkPclnmlKEGH7rgXM8KTjSW+Np53C0/ImOKXtqpTSjhg3qa0QcMBXCFtpUyfA==
  dependencies:
    "@laconia/core" "^1.11.0"
    "@types/aws-lambda" "~8.10.31"

"@types/aws-lambda@8.10.61":
  version "8.10.61"
  resolved "https://registry.yarnpkg.com/@types/aws-lambda/-/aws-lambda-8.10.61.tgz#7471e08843dbdcf09b2494ac5b34c4d1a391e6d0"
  integrity sha512-+FeZ/52VG4rBSJ0cRE/aB6hMKQzjIgpiSQrGq0eR8ZrXWee7Z2zoGeJzTHVcOeZNawLb+5zvwZNIRGC7X+kQ7Q==

"@types/aws-lambda@~8.10.31":
  version "8.10.77"
  resolved "https://registry.yarnpkg.com/@types/aws-lambda/-/aws-lambda-8.10.77.tgz#04c4e3a06ab5552f2fa80816f8adca54b6bb9671"
  integrity sha512-n0EMFJU/7u3KvHrR83l/zrKOVURXl5pUJPNED/Bzjah89QKCHwCiKCBoVUXRwTGRfCYGIDdinJaAlKDHZdp/Ng==
